
Microsoft Visual Studio Solution File, Format Version 12.00
# Visual Studio Version 16
VisualStudioVersion = 16.0.29613.14
MinimumVisualStudioVersion = 10.0.40219.1
Project("{FAE04EC0-301F-11D3-BF4B-00C04F79EFBC}") = "CadastroAPI", "CadastroAPI\CadastroAPI.csproj", "{823E7911-D5B9-4133-BAF8-7D5048BBD5AD}"
EndProject
Project("{FAE04EC0-301F-11D3-BF4B-00C04F79EFBC}") = "ModelData", "ModelData\ModelData.csproj", "{334E0F6E-59B9-4F70-9872-857681548C93}"
EndProject
Project("{FAE04EC0-301F-11D3-BF4B-00C04F79EFBC}") = "Repository", "Repository\Repository.csproj", "{244D129B-CFFF-45CC-89B6-39B028BE201A}"
EndProject
Project("{FAE04EC0-301F-11D3-BF4B-00C04F79EFBC}") = "Core", "Core\Core.csproj", "{40745DFF-9E5A-40AA-95B8-E010F633DF27}"
EndProject
Project("{FAE04EC0-301F-11D3-BF4B-00C04F79EFBC}") = "Tests", "Tests\Tests.csproj", "{E56C0289-6635-41D4-A3CE-1822D80A0280}"
EndProject
Project("{FAE04EC0-301F-11D3-BF4B-00C04F79EFBC}") = "Business", "Business\Business.csproj", "{7F9F1C88-A0E4-4C62-B3C0-0840A854A7A5}"
EndProject
Project("{9A19103F-16F7-4668-BE54-9A1E7A4F7556}") = "Util", "Util\Util.csproj", "{3757B05D-C5A3-4E44-8E79-1FB62A1B526C}"
EndProject
Global
	GlobalSection(SolutionConfigurationPlatforms) = preSolution
		Debug|Any CPU = Debug|Any CPU
		Release|Any CPU = Release|Any CPU
	EndGlobalSection
	GlobalSection(ProjectConfigurationPlatforms) = postSolution
		{823E7911-D5B9-4133-BAF8-7D5048BBD5AD}.Debug|Any CPU.ActiveCfg = Debug|Any CPU
		{823E7911-D5B9-4133-BAF8-7D5048BBD5AD}.Debug|Any CPU.Build.0 = Debug|Any CPU
		{823E7911-D5B9-4133-BAF8-7D5048BBD5AD}.Release|Any CPU.ActiveCfg = Release|Any CPU
		{823E7911-D5B9-4133-BAF8-7D5048BBD5AD}.Release|Any CPU.Build.0 = Release|Any CPU
		{334E0F6E-59B9-4F70-9872-857681548C93}.Debug|Any CPU.ActiveCfg = Debug|Any CPU
		{334E0F6E-59B9-4F70-9872-857681548C93}.Debug|Any CPU.Build.0 = Debug|Any CPU
		{334E0F6E-59B9-4F70-9872-857681548C93}.Release|Any CPU.ActiveCfg = Release|Any CPU
		{334E0F6E-59B9-4F70-9872-857681548C93}.Release|Any CPU.Build.0 = Release|Any CPU
		{244D129B-CFFF-45CC-89B6-39B028BE201A}.Debug|Any CPU.ActiveCfg = Debug|Any CPU
		{244D129B-CFFF-45CC-89B6-39B028BE201A}.Debug|Any CPU.Build.0 = Debug|Any CPU
		{244D129B-CFFF-45CC-89B6-39B028BE201A}.Release|Any CPU.ActiveCfg = Release|Any CPU
		{244D129B-CFFF-45CC-89B6-39B028BE201A}.Release|Any CPU.Build.0 = Release|Any CPU
		{40745DFF-9E5A-40AA-95B8-E010F633DF27}.Debug|Any CPU.ActiveCfg = Debug|Any CPU
		{40745DFF-9E5A-40AA-95B8-E010F633DF27}.Debug|Any CPU.Build.0 = Debug|Any CPU
		{40745DFF-9E5A-40AA-95B8-E010F633DF27}.Release|Any CPU.ActiveCfg = Release|Any CPU
		{40745DFF-9E5A-40AA-95B8-E010F633DF27}.Release|Any CPU.Build.0 = Release|Any CPU
		{E56C0289-6635-41D4-A3CE-1822D80A0280}.Debug|Any CPU.ActiveCfg = Debug|Any CPU
		{E56C0289-6635-41D4-A3CE-1822D80A0280}.Debug|Any CPU.Build.0 = Debug|Any CPU
		{E56C0289-6635-41D4-A3CE-1822D80A0280}.Release|Any CPU.ActiveCfg = Release|Any CPU
		{E56C0289-6635-41D4-A3CE-1822D80A0280}.Release|Any CPU.Build.0 = Release|Any CPU
		{7F9F1C88-A0E4-4C62-B3C0-0840A854A7A5}.Debug|Any CPU.ActiveCfg = Debug|Any CPU
		{7F9F1C88-A0E4-4C62-B3C0-0840A854A7A5}.Debug|Any CPU.Build.0 = Debug|Any CPU
		{7F9F1C88-A0E4-4C62-B3C0-0840A854A7A5}.Release|Any CPU.ActiveCfg = Release|Any CPU
		{7F9F1C88-A0E4-4C62-B3C0-0840A854A7A5}.Release|Any CPU.Build.0 = Release|Any CPU
		{3757B05D-C5A3-4E44-8E79-1FB62A1B526C}.Debug|Any CPU.ActiveCfg = Debug|Any CPU
		{3757B05D-C5A3-4E44-8E79-1FB62A1B526C}.Debug|Any CPU.Build.0 = Debug|Any CPU
		{3757B05D-C5A3-4E44-8E79-1FB62A1B526C}.Release|Any CPU.ActiveCfg = Release|Any CPU
		{3757B05D-C5A3-4E44-8E79-1FB62A1B526C}.Release|Any CPU.Build.0 = Release|Any CPU
	EndGlobalSection
	GlobalSection(SolutionProperties) = preSolution
		HideSolutionNode = FALSE
	EndGlobalSection
	GlobalSection(ExtensibilityGlobals) = postSolution
		SolutionGuid = {3815D596-B9AB-4D38-A193-3E0A8835B438}
	EndGlobalSection
EndGlobal
